
Microsoft Visual Studio Solution File, Format Version 12.00
# Visual Studio Version 16
VisualStudioVersion = 16.0.31911.196
MinimumVisualStudioVersion = 10.0.40219.1
Project("{FAE04EC0-301F-11D3-BF4B-00C04F79EFBC}") = "Labb3.API", "Labb3.API\Labb3.API.csproj", "{69B69EE5-D126-4E0F-999C-8867E8D74009}"
EndProject
Global
	GlobalSection(SolutionConfigurationPlatforms) = preSolution
		Debug|Any CPU = Debug|Any CPU
		Release|Any CPU = Release|Any CPU
	EndGlobalSection
	GlobalSection(ProjectConfigurationPlatforms) = postSolution
		{69B69EE5-D126-4E0F-999C-8867E8D74009}.Debug|Any CPU.ActiveCfg = Debug|Any CPU
		{69B69EE5-D126-4E0F-999C-8867E8D74009}.Debug|Any CPU.Build.0 = Debug|Any CPU
		{69B69EE5-D126-4E0F-999C-8867E8D74009}.Release|Any CPU.ActiveCfg = Release|Any CPU
		{69B69EE5-D126-4E0F-999C-8867E8D74009}.Release|Any CPU.Build.0 = Release|Any CPU
	EndGlobalSection
	GlobalSection(SolutionProperties) = preSolution
		HideSolutionNode = FALSE
	EndGlobalSection
	GlobalSection(ExtensibilityGlobals) = postSolution
		SolutionGuid = {78B45FEC-F466-40B0-8E81-581F411A4A79}
	EndGlobalSection
EndGlobal
